
Microsoft Visual Studio Solution File, Format Version 12.00
# Visual Studio Version 16
VisualStudioVersion = 16.0.30114.105
MinimumVisualStudioVersion = 10.0.40219.1
Project("{FAE04EC0-301F-11D3-BF4B-00C04F79EFBC}") = "ProEventos.Domain", "ProEventos.Domain\ProEventos.Domain.csproj", "{75AB8589-A085-462A-A49D-D76D8E727AE6}"
EndProject
Project("{FAE04EC0-301F-11D3-BF4B-00C04F79EFBC}") = "ProEventos.Application", "ProEventos.Application\ProEventos.Application.csproj", "{DA5B4A54-72C2-4FC6-8A1D-78E9A0087747}"
EndProject
Project("{FAE04EC0-301F-11D3-BF4B-00C04F79EFBC}") = "ProEventos.Persistence", "ProEventos.Persistence\ProEventos.Persistence.csproj", "{C8D32623-76B9-4A53-9094-309230A1B2A7}"
EndProject
Project("{FAE04EC0-301F-11D3-BF4B-00C04F79EFBC}") = "ProEventos.API", "ProEventos.API\ProEventos.API.csproj", "{8BDFF75E-A0C5-4790-89C3-3E4140AAE05F}"
EndProject
Global
	GlobalSection(SolutionConfigurationPlatforms) = preSolution
		Debug|Any CPU = Debug|Any CPU
		Debug|x64 = Debug|x64
		Debug|x86 = Debug|x86
		Release|Any CPU = Release|Any CPU
		Release|x64 = Release|x64
		Release|x86 = Release|x86
	EndGlobalSection
	GlobalSection(SolutionProperties) = preSolution
		HideSolutionNode = FALSE
	EndGlobalSection
	GlobalSection(ProjectConfigurationPlatforms) = postSolution
		{75AB8589-A085-462A-A49D-D76D8E727AE6}.Debug|Any CPU.ActiveCfg = Debug|Any CPU
		{75AB8589-A085-462A-A49D-D76D8E727AE6}.Debug|Any CPU.Build.0 = Debug|Any CPU
		{75AB8589-A085-462A-A49D-D76D8E727AE6}.Debug|x64.ActiveCfg = Debug|Any CPU
		{75AB8589-A085-462A-A49D-D76D8E727AE6}.Debug|x64.Build.0 = Debug|Any CPU
		{75AB8589-A085-462A-A49D-D76D8E727AE6}.Debug|x86.ActiveCfg = Debug|Any CPU
		{75AB8589-A085-462A-A49D-D76D8E727AE6}.Debug|x86.Build.0 = Debug|Any CPU
		{75AB8589-A085-462A-A49D-D76D8E727AE6}.Release|Any CPU.ActiveCfg = Release|Any CPU
		{75AB8589-A085-462A-A49D-D76D8E727AE6}.Release|Any CPU.Build.0 = Release|Any CPU
		{75AB8589-A085-462A-A49D-D76D8E727AE6}.Release|x64.ActiveCfg = Release|Any CPU
		{75AB8589-A085-462A-A49D-D76D8E727AE6}.Release|x64.Build.0 = Release|Any CPU
		{75AB8589-A085-462A-A49D-D76D8E727AE6}.Release|x86.ActiveCfg = Release|Any CPU
		{75AB8589-A085-462A-A49D-D76D8E727AE6}.Release|x86.Build.0 = Release|Any CPU
		{DA5B4A54-72C2-4FC6-8A1D-78E9A0087747}.Debug|Any CPU.ActiveCfg = Debug|Any CPU
		{DA5B4A54-72C2-4FC6-8A1D-78E9A0087747}.Debug|Any CPU.Build.0 = Debug|Any CPU
		{DA5B4A54-72C2-4FC6-8A1D-78E9A0087747}.Debug|x64.ActiveCfg = Debug|Any CPU
		{DA5B4A54-72C2-4FC6-8A1D-78E9A0087747}.Debug|x64.Build.0 = Debug|Any CPU
		{DA5B4A54-72C2-4FC6-8A1D-78E9A0087747}.Debug|x86.ActiveCfg = Debug|Any CPU
		{DA5B4A54-72C2-4FC6-8A1D-78E9A0087747}.Debug|x86.Build.0 = Debug|Any CPU
		{DA5B4A54-72C2-4FC6-8A1D-78E9A0087747}.Release|Any CPU.ActiveCfg = Release|Any CPU
		{DA5B4A54-72C2-4FC6-8A1D-78E9A0087747}.Release|Any CPU.Build.0 = Release|Any CPU
		{DA5B4A54-72C2-4FC6-8A1D-78E9A0087747}.Release|x64.ActiveCfg = Release|Any CPU
		{DA5B4A54-72C2-4FC6-8A1D-78E9A0087747}.Release|x64.Build.0 = Release|Any CPU
		{DA5B4A54-72C2-4FC6-8A1D-78E9A0087747}.Release|x86.ActiveCfg = Release|Any CPU
		{DA5B4A54-72C2-4FC6-8A1D-78E9A0087747}.Release|x86.Build.0 = Release|Any CPU
		{C8D32623-76B9-4A53-9094-309230A1B2A7}.Debug|Any CPU.ActiveCfg = Debug|Any CPU
		{C8D32623-76B9-4A53-9094-309230A1B2A7}.Debug|Any CPU.Build.0 = Debug|Any CPU
		{C8D32623-76B9-4A53-9094-309230A1B2A7}.Debug|x64.ActiveCfg = Debug|Any CPU
		{C8D32623-76B9-4A53-9094-309230A1B2A7}.Debug|x64.Build.0 = Debug|Any CPU
		{C8D32623-76B9-4A53-9094-309230A1B2A7}.Debug|x86.ActiveCfg = Debug|Any CPU
		{C8D32623-76B9-4A53-9094-309230A1B2A7}.Debug|x86.Build.0 = Debug|Any CPU
		{C8D32623-76B9-4A53-9094-309230A1B2A7}.Release|Any CPU.ActiveCfg = Release|Any CPU
		{C8D32623-76B9-4A53-9094-309230A1B2A7}.Release|Any CPU.Build.0 = Release|Any CPU
		{C8D32623-76B9-4A53-9094-309230A1B2A7}.Release|x64.ActiveCfg = Release|Any CPU
		{C8D32623-76B9-4A53-9094-309230A1B2A7}.Release|x64.Build.0 = Release|Any CPU
		{C8D32623-76B9-4A53-9094-309230A1B2A7}.Release|x86.ActiveCfg = Release|Any CPU
		{C8D32623-76B9-4A53-9094-309230A1B2A7}.Release|x86.Build.0 = Release|Any CPU
		{8BDFF75E-A0C5-4790-89C3-3E4140AAE05F}.Debug|Any CPU.ActiveCfg = Debug|Any CPU
		{8BDFF75E-A0C5-4790-89C3-3E4140AAE05F}.Debug|Any CPU.Build.0 = Debug|Any CPU
		{8BDFF75E-A0C5-4790-89C3-3E4140AAE05F}.Debug|x64.ActiveCfg = Debug|Any CPU
		{8BDFF75E-A0C5-4790-89C3-3E4140AAE05F}.Debug|x64.Build.0 = Debug|Any CPU
		{8BDFF75E-A0C5-4790-89C3-3E4140AAE05F}.Debug|x86.ActiveCfg = Debug|Any CPU
		{8BDFF75E-A0C5-4790-89C3-3E4140AAE05F}.Debug|x86.Build.0 = Debug|Any CPU
		{8BDFF75E-A0C5-4790-89C3-3E4140AAE05F}.Release|Any CPU.ActiveCfg = Release|Any CPU
		{8BDFF75E-A0C5-4790-89C3-3E4140AAE05F}.Release|Any CPU.Build.0 = Release|Any CPU
		{8BDFF75E-A0C5-4790-89C3-3E4140AAE05F}.Release|x64.ActiveCfg = Release|Any CPU
		{8BDFF75E-A0C5-4790-89C3-3E4140AAE05F}.Release|x64.Build.0 = Release|Any CPU
		{8BDFF75E-A0C5-4790-89C3-3E4140AAE05F}.Release|x86.ActiveCfg = Release|Any CPU
		{8BDFF75E-A0C5-4790-89C3-3E4140AAE05F}.Release|x86.Build.0 = Release|Any CPU
	EndGlobalSection
EndGlobal
